
Microsoft Visual Studio Solution File, Format Version 12.00
# Visual Studio Version 17
VisualStudioVersion = 17.5.33414.496
MinimumVisualStudioVersion = 10.0.40219.1
Project("{FAE04EC0-301F-11D3-BF4B-00C04F79EFBC}") = "Bowling", "Bowling\Bowling.csproj", "{4FAE81DD-A21C-4779-899F-315F539DD19D}"
EndProject
Global
	GlobalSection(SolutionConfigurationPlatforms) = preSolution
		Debug|Any CPU = Debug|Any CPU
		Release|Any CPU = Release|Any CPU
	EndGlobalSection
	GlobalSection(ProjectConfigurationPlatforms) = postSolution
		{4FAE81DD-A21C-4779-899F-315F539DD19D}.Debug|Any CPU.ActiveCfg = Debug|Any CPU
		{4FAE81DD-A21C-4779-899F-315F539DD19D}.Debug|Any CPU.Build.0 = Debug|Any CPU
		{4FAE81DD-A21C-4779-899F-315F539DD19D}.Release|Any CPU.ActiveCfg = Release|Any CPU
		{4FAE81DD-A21C-4779-899F-315F539DD19D}.Release|Any CPU.Build.0 = Release|Any CPU
	EndGlobalSection
	GlobalSection(SolutionProperties) = preSolution
		HideSolutionNode = FALSE
	EndGlobalSection
	GlobalSection(ExtensibilityGlobals) = postSolution
		SolutionGuid = {7897A19E-36CC-4451-A2D8-5B6C37E45477}
	EndGlobalSection
EndGlobal
